github.com/360EntSecGroup-Skylar/excelize v1.3.0 h1:Uc23KAK2swCImDQ0Nrmu+j5P1kIZPxz9kl6zEWsZq04=
github.com/360EntSecGroup-Skylar/excelize v1.3.0/go.mod h1:R8KYLmGns0vDPe6/HyphW0mzW+MFexlGDafU0ykVEnU=
github.com/extrame/ole2 v0.0.0-20160812065207-d69429661ad7 h1:n+nk0bNe2+gVbRI8WRbLFVwwcBQ0rr5p+gzkKb6ol8c=
github.com/extrame/ole2 v0.0.0-20160812065207-d69429661ad7/go.mod h1:GPpMrAfHdb8IdQ1/R2uIRBsNfnPnwsYE9YYI5WyY1zw=
github.com/extrame/xls v0.0.1 h1:jI7L/o3z73TyyENPopsLS/Jlekm3nF1a/kF5hKBvy/k=
github.com/extrame/xls v0.0.1/go.mod h1:iACcgahst7BboCpIMSpnFs4SKyU9ZjsvZBfNbUxZOJI=
github.com/go-kit/kit v0.7.0 h1:ApufNmWF1H6/wUbAG81hZOHmqwd0zRf8mNfLjYj/064=
github.com/go-kit/kit v0.7.0/go.mod h1:xBxKIO96dXMWWy0MnWVtmwkA9/13aqxPnvrjFYMA2as=
github.com/go-kit/kit v0.8.0/go.mod h1:xBxKIO96dXMWWy0MnWVtmwkA9/13aqxPnvrjFYMA2as=
github.com/go-logfmt/logfmt v0.3.0 h1:8HUsc87TaSWLKwrnumgC8/YconD2fJQsRJAsWaPg2ic=
github.com/go-logfmt/logfmt v0.3.0/go.mod h1:Qt1PoO58o5twSAckw1HlFXLmHsOX5/0LbT9GBnD5lWE=
github.com/go-logfmt/logfmt v0.4.0/go.mod h1:3RMwSq7FuexP4Kalkev3ejPJsZTpXXBr9+V4qmtdjCk=
github.com/go-stack/stack v1.7.0 h1:S04+lLfST9FvL8dl4R31wVUC/paZp/WQZbLmUgWboGw=
github.com/go-stack/stack v1.7.0/go.mod h1:v0f6uXyyMGvRgIKkXu+yp6POWl0qKG85gN/melR3HDY=
github.com/go-stack/stack v1.8.0/go.mod h1:v0f6uXyyMGvRgIKkXu+yp6POWl0qKG85gN/melR3HDY=
github.com/google/go-cmp v0.2.0 h1:+dTQ8DZQJz0Mb/HjFlkptS1FeQ4cWSnN941F8aEG4SQ=
github.com/google/go-cmp v0.2.0/go.mod h1:oXzfMopK8JAjlY9xF4vHSVASa0yLyX7SntLO5aqRK0M=
github.com/kr/logfmt v0.0.0-20140226030751-b84e30acd515 h1:T+h1c/A9Gawja4Y9mFVWj2vyii2bbUNDw3kt9VxK2EY=
github.com/kr/logfmt v0.0.0-20140226030751-b84e30acd515/go.mod h1:+0opPa2QZZtGFBFZlji/RkVcI2GknAs/DXo4wKdlNEc=
github.com/mohae/deepcopy v0.0.0-20170929034955-c48cc78d4826 h1:RWengNIwukTxcDr9M+97sNutRR1RKhG96O6jWumTTnw=
github.com/mohae/deepcopy v0.0.0-20170929034955-c48cc78d4826/go.mod h1:TaXosZuwdSHYgviHp1DAtfrULt5eUgsSMsZf+YrPgl8=
github.com/pkg/errors v0.8.0 h1:WdK/asTD0HN+q6hsWO3/vpuAkAr+tw6aNJNDFFf0+qw=
github.com/pkg/errors v0.8.0/go.mod h1:bwawxfHBFNV+L2hUp1rHADufV3IMtnDRdf1r5NINEl0=
golang.org/x/net v0.0.0-20180522190444-9ef9f5bb98a1 h1:+2KJRQYVS4oeIZqXrgNLH7FxyXp+eVs2kLuG5pWupfY=
golang.org/x/net v0.0.0-20180522190444-9ef9f5bb98a1/go.mod h1:mL1N/T3taQHkDXs73rZJwtUhF3w3ftmwwsq0BUmARs4=
golang.org/x/net v0.0.0-20180824152047-4bcd98cce591 h1:4S2XUgvg3hUNTvxI307qkFPb9zKHG3Nf9TXFzX/DZZI=
golang.org/x/net v0.0.0-20180824152047-4bcd98cce591/go.mod h1:mL1N/T3taQHkDXs73rZJwtUhF3w3ftmwwsq0BUmARs4=
golang.org/x/net v0.0.0-20180911220305-26e67e76b6c3/go.mod h1:mL1N/T3taQHkDXs73rZJwtUhF3w3ftmwwsq0BUmARs4=
golang.org/x/sync v0.0.0-20180314180146-1d60e4601c6f h1:wMNYb4v58l5UBM7MYRLPG6ZhfOqbKu7X5eyFl8ZhKvA=
golang.org/x/sync v0.0.0-20180314180146-1d60e4601c6f/go.mod h1:RxMgew5VJxzue5/jJTE5uejpjVlOe/izrB70Jof72aM=
golang.org/x/sync v0.0.0-20181108010431-42b317875d0f h1:Bl/8QSvNqXvPGPGXa2z5xUTmV7VDcZyvRZ+QQXkXTZQ=
golang.org/x/sync v0.0.0-20181108010431-42b317875d0f/go.mod h1:RxMgew5VJxzue5/jJTE5uejpjVlOe/izrB70Jof72aM=
golang.org/x/sync v0.0.0-20181221193216-37e7f081c4d4 h1:YUO/7uOKsKeq9UokNS62b8FYywz3ker1l1vDZRCRefw=
golang.org/x/sync v0.0.0-20181221193216-37e7f081c4d4/go.mod h1:RxMgew5VJxzue5/jJTE5uejpjVlOe/izrB70Jof72aM=
golang.org/x/text v0.3.0 h1:g61tztE5qeGQ89tm6NTjjM9VPIm088od1l6aSorWRWg=
golang.org/x/text v0.3.0/go.mod h1:NqM8EUOU14njkJ3fqMW+pc6Ldnwhi/IjpwHt7yyuwOQ=
gopkg.in/goracle.v2 v2.5.9 h1:I7zp2qFpyJSmjHI8PWrvkWh+Fyn57a8i0NAnqGN84g8=
gopkg.in/goracle.v2 v2.5.9/go.mod h1:udeW0rjkAv4b6rhUjbHqC68lkWuyUPCm+53p+NZXk08=
gopkg.in/goracle.v2 v2.6.0 h1:xfbIeIrn1akiK6C+hHjYW3WKLL+TbQxvnkd/Poz45LI=
gopkg.in/goracle.v2 v2.6.0/go.mod h1:2m+7LIs0XwWqR0ogs3y0oBXcEpL1bGLiIskcg1163CI=
gopkg.in/goracle.v2 v2.7.0 h1:gkHDNVYt+LgBxM9B+ftkurtTCvHQ4CVV0OEfaK888cg=
gopkg.in/goracle.v2 v2.7.0/go.mod h1:P7H2i9qEUPNsdsM39SpnDZhkU/lvp5Rks9BrPdQJC0Q=
gopkg.in/goracle.v2 v2.8.0 h1:0+o7dIOp9zVmnz0pu+FkAydCg1Rac4S0KP2SpifayQ4=
gopkg.in/goracle.v2 v2.8.0/go.mod h1:P7H2i9qEUPNsdsM39SpnDZhkU/lvp5Rks9BrPdQJC0Q=
gopkg.in/goracle.v2 v2.9.0 h1:U0xaanJK93ZmrL+hEbNQcAql5IxDb9VHB7lDepIRzrQ=
gopkg.in/goracle.v2 v2.9.0/go.mod h1:P7H2i9qEUPNsdsM39SpnDZhkU/lvp5Rks9BrPdQJC0Q=
gopkg.in/goracle.v2 v2.12.0 h1:aBGhd4hJfBWQ57m9f+JG/eLZanO8T6dnIPdGcgnSUs8=
gopkg.in/goracle.v2 v2.12.0/go.mod h1:QhfGFGWSfZKBnBWnAkjd5GreYK1tan9ikkA7BMirttE=
gopkg.in/goracle.v2 v2.12.1 h1:sCnOGfQnCj/Qxl95fb+j08/UMp7PLBnvvtx0BMD8ad8=
gopkg.in/goracle.v2 v2.12.1/go.mod h1:QhfGFGWSfZKBnBWnAkjd5GreYK1tan9ikkA7BMirttE=
